// !$*UTF8*$!
{
	archiveVersion = 1;
	classes = {
	};
	objectVersion = 51;
	objects = {

/* Begin PBXBuildFile section */
		027524D2D33945528EF9378D /* AmplifyModels.swift in Sources */ = {isa = PBXBuildFile; fileRef = 09F15E1A35F34C60BED9A2F4 /* AmplifyModels.swift */; };
		1A8CA31C14E6D2FEEE4CE63D /* Pods_Second_Wallet_Second_WalletUITests.framework in Frameworks */ = {isa = PBXBuildFile; fileRef = A5EDD035D03664AF3E493729 /* Pods_Second_Wallet_Second_WalletUITests.framework */; };
		25FDCB59209A36E558665163 /* Pods_Second_WalletTests.framework in Frameworks */ = {isa = PBXBuildFile; fileRef = 081AF1E605270C6DDF707486 /* Pods_Second_WalletTests.framework */; };
		271D987724D4924900722A19 /* CardDetails.swift in Sources */ = {isa = PBXBuildFile; fileRef = 271D987624D4924900722A19 /* CardDetails.swift */; };
		2748936A24DCB8E9005FBE1F /* Constants.swift in Sources */ = {isa = PBXBuildFile; fileRef = 2748936924DCB8E9005FBE1F /* Constants.swift */; };
		274B56E324DD3E9100E01610 /* Localizable.strings in Resources */ = {isa = PBXBuildFile; fileRef = 274B56E524DD3E9100E01610 /* Localizable.strings */; };
		279CDB9924D88794000FD042 /* CardPreview.swift in Sources */ = {isa = PBXBuildFile; fileRef = 279CDB9824D88794000FD042 /* CardPreview.swift */; };
		279CDB9B24D96288000FD042 /* SearchBarView.swift in Sources */ = {isa = PBXBuildFile; fileRef = 279CDB9A24D96288000FD042 /* SearchBarView.swift */; };
		279CDB9D24D96746000FD042 /* UIApplication+Ext.swift in Sources */ = {isa = PBXBuildFile; fileRef = 279CDB9C24D96746000FD042 /* UIApplication+Ext.swift */; };
		279CDBA124D96847000FD042 /* ResignKeyboardOnDragGesture.swift in Sources */ = {isa = PBXBuildFile; fileRef = 279CDBA024D96847000FD042 /* ResignKeyboardOnDragGesture.swift */; };
		27C886A824D19A5B000AD21A /* Second_WalletApp.swift in Sources */ = {isa = PBXBuildFile; fileRef = 27C886A724D19A5B000AD21A /* Second_WalletApp.swift */; };
		27C886AA24D19A5B000AD21A /* HomeView.swift in Sources */ = {isa = PBXBuildFile; fileRef = 27C886A924D19A5B000AD21A /* HomeView.swift */; };
		27C886AC24D19A5C000AD21A /* Assets.xcassets in Resources */ = {isa = PBXBuildFile; fileRef = 27C886AB24D19A5C000AD21A /* Assets.xcassets */; };
		27C886AF24D19A5C000AD21A /* Preview Assets.xcassets in Resources */ = {isa = PBXBuildFile; fileRef = 27C886AE24D19A5C000AD21A /* Preview Assets.xcassets */; };
		27C886BA24D19A5C000AD21A /* Second_WalletTests.swift in Sources */ = {isa = PBXBuildFile; fileRef = 27C886B924D19A5C000AD21A /* Second_WalletTests.swift */; };
		27C886C524D19A5C000AD21A /* Second_WalletUITests.swift in Sources */ = {isa = PBXBuildFile; fileRef = 27C886C424D19A5C000AD21A /* Second_WalletUITests.swift */; };
		27C886DA24D19E87000AD21A /* CardModel+Ext.swift in Sources */ = {isa = PBXBuildFile; fileRef = 27C886D924D19E87000AD21A /* CardModel+Ext.swift */; };
		27C886DC24D19F4C000AD21A /* SecureFieldModel+Ext.swift in Sources */ = {isa = PBXBuildFile; fileRef = 27C886DB24D19F4C000AD21A /* SecureFieldModel+Ext.swift */; };
		27C886DF24D1A11D000AD21A /* Repository.swift in Sources */ = {isa = PBXBuildFile; fileRef = 27C886DE24D1A11D000AD21A /* Repository.swift */; };
		27C886E124D1A159000AD21A /* CardRepository.swift in Sources */ = {isa = PBXBuildFile; fileRef = 27C886E024D1A159000AD21A /* CardRepository.swift */; };
		27C886E324D1B8C9000AD21A /* CardsListViewModel.swift in Sources */ = {isa = PBXBuildFile; fileRef = 27C886E224D1B8C9000AD21A /* CardsListViewModel.swift */; };
		27C886E824D1DB51000AD21A /* CardView.swift in Sources */ = {isa = PBXBuildFile; fileRef = 27C886E724D1DB51000AD21A /* CardView.swift */; };
		27C886EB24D1DEF7000AD21A /* UIColor+Ext.swift in Sources */ = {isa = PBXBuildFile; fileRef = 27C886EA24D1DEF7000AD21A /* UIColor+Ext.swift */; };
		27C886ED24D1E5A2000AD21A /* CardViewModel.swift in Sources */ = {isa = PBXBuildFile; fileRef = 27C886EC24D1E5A2000AD21A /* CardViewModel.swift */; };
		27D0469124D2FCE10085E8FF /* CardListView.swift in Sources */ = {isa = PBXBuildFile; fileRef = 27D0469024D2FCE00085E8FF /* CardListView.swift */; };
		27D0469324D301A50085E8FF /* NewCardFormView.swift in Sources */ = {isa = PBXBuildFile; fileRef = 27D0469224D301A50085E8FF /* NewCardFormView.swift */; };
		27D0469624D308EC0085E8FF /* TextField+Modifier.swift in Sources */ = {isa = PBXBuildFile; fileRef = 27D0469524D308EC0085E8FF /* TextField+Modifier.swift */; };
		27D0469824D3093A0085E8FF /* View+Ext.swift in Sources */ = {isa = PBXBuildFile; fileRef = 27D0469724D3093A0085E8FF /* View+Ext.swift */; };
		27D0469A24D31D190085E8FF /* AddNewCard.swift in Sources */ = {isa = PBXBuildFile; fileRef = 27D0469924D31D190085E8FF /* AddNewCard.swift */; };
		27D046A024D365F50085E8FF /* NewCardViewModel.swift in Sources */ = {isa = PBXBuildFile; fileRef = 27D0469F24D365F50085E8FF /* NewCardViewModel.swift */; };
		27E0F9C324DAF6BE006593E5 /* SecurityFieldRepository.swift in Sources */ = {isa = PBXBuildFile; fileRef = 27E0F9C224DAF6BE006593E5 /* SecurityFieldRepository.swift */; };
		4D273B4778734E74BF8CFD69 /* SecureFieldModel+Schema.swift in Sources */ = {isa = PBXBuildFile; fileRef = C80BFEBD09154622A0D88CD7 /* SecureFieldModel+Schema.swift */; };
		65FD8FC06F22B865A77F9327 /* Pods_Second_Wallet.framework in Frameworks */ = {isa = PBXBuildFile; fileRef = 70F872A5F29077C815C1A2DB /* Pods_Second_Wallet.framework */; };
		96F36B9DF7A54205B7705441 /* SecureFieldModel.swift in Sources */ = {isa = PBXBuildFile; fileRef = 08024ECC15B140B7A54521A9 /* SecureFieldModel.swift */; };
		AB92BFBC12CC44C69C9B9D6E /* amplifyconfiguration.json in Resources */ = {isa = PBXBuildFile; fileRef = E543E81CB32847F7BBF667BC /* amplifyconfiguration.json */; };
		C55572CDE62F4739A7A5FFBC /* awsconfiguration.json in Resources */ = {isa = PBXBuildFile; fileRef = C4767FEB92A14C7F9A9149BD /* awsconfiguration.json */; };
		F35BA1BBBBF643F1AB8EB70F /* CardModel+Schema.swift in Sources */ = {isa = PBXBuildFile; fileRef = 3D503985F6C94BF8AC5E8E58 /* CardModel+Schema.swift */; };
		F5F8889B7A344408AA44487A /* CardModel.swift in Sources */ = {isa = PBXBuildFile; fileRef = 5F9DC71086054E169F8389E9 /* CardModel.swift */; };
/* End PBXBuildFile section */

/* Begin PBXContainerItemProxy section */
		27C886B624D19A5C000AD21A /* PBXContainerItemProxy */ = {
			isa = PBXContainerItemProxy;
			containerPortal = 27C8869C24D19A5B000AD21A /* Project object */;
			proxyType = 1;
			remoteGlobalIDString = 27C886A324D19A5B000AD21A;
			remoteInfo = "Second-Wallet";
		};
		27C886C124D19A5C000AD21A /* PBXContainerItemProxy */ = {
			isa = PBXContainerItemProxy;
			containerPortal = 27C8869C24D19A5B000AD21A /* Project object */;
			proxyType = 1;
			remoteGlobalIDString = 27C886A324D19A5B000AD21A;
			remoteInfo = "Second-Wallet";
		};
/* End PBXContainerItemProxy section */

/* Begin PBXFileReference section */
		08024ECC15B140B7A54521A9 /* SecureFieldModel.swift */ = {isa = PBXFileReference; explicitFileType = undefined; fileEncoding = 4; includeInIndex = 0; lastKnownFileType = sourcecode.swift; name = SecureFieldModel.swift; path = amplify/generated/models/SecureFieldModel.swift; sourceTree = "<group>"; };
		081AF1E605270C6DDF707486 /* Pods_Second_WalletTests.framework */ = {isa = PBXFileReference; explicitFileType = wrapper.framework; includeInIndex = 0; path = Pods_Second_WalletTests.framework; sourceTree = BUILT_PRODUCTS_DIR; };
		088364D8A2077D155B772FAC /* Pods-Second-Wallet.debug.xcconfig */ = {isa = PBXFileReference; includeInIndex = 1; lastKnownFileType = text.xcconfig; name = "Pods-Second-Wallet.debug.xcconfig"; path = "Target Support Files/Pods-Second-Wallet/Pods-Second-Wallet.debug.xcconfig"; sourceTree = "<group>"; };
		09F15E1A35F34C60BED9A2F4 /* AmplifyModels.swift */ = {isa = PBXFileReference; explicitFileType = undefined; fileEncoding = 4; includeInIndex = 0; lastKnownFileType = sourcecode.swift; name = AmplifyModels.swift; path = amplify/generated/models/AmplifyModels.swift; sourceTree = "<group>"; };
		1BFEA07057E547069E8BA5B8 /* amplifytools.xcconfig */ = {isa = PBXFileReference; explicitFileType = undefined; fileEncoding = 4; includeInIndex = 0; lastKnownFileType = text.xcconfig; path = amplifytools.xcconfig; sourceTree = "<group>"; };
		271D987624D4924900722A19 /* CardDetails.swift */ = {isa = PBXFileReference; lastKnownFileType = sourcecode.swift; path = CardDetails.swift; sourceTree = "<group>"; };
		2748936924DCB8E9005FBE1F /* Constants.swift */ = {isa = PBXFileReference; lastKnownFileType = sourcecode.swift; path = Constants.swift; sourceTree = "<group>"; };
		274B56E624DD3E9600E01610 /* pt-PT */ = {isa = PBXFileReference; lastKnownFileType = text.plist.strings; name = "pt-PT"; path = "pt-PT.lproj/Localizable.strings"; sourceTree = "<group>"; };
		279CDB9824D88794000FD042 /* CardPreview.swift */ = {isa = PBXFileReference; lastKnownFileType = sourcecode.swift; path = CardPreview.swift; sourceTree = "<group>"; };
		279CDB9A24D96288000FD042 /* SearchBarView.swift */ = {isa = PBXFileReference; lastKnownFileType = sourcecode.swift; path = SearchBarView.swift; sourceTree = "<group>"; };
		279CDB9C24D96746000FD042 /* UIApplication+Ext.swift */ = {isa = PBXFileReference; lastKnownFileType = sourcecode.swift; path = "UIApplication+Ext.swift"; sourceTree = "<group>"; };
		279CDBA024D96847000FD042 /* ResignKeyboardOnDragGesture.swift */ = {isa = PBXFileReference; lastKnownFileType = sourcecode.swift; path = ResignKeyboardOnDragGesture.swift; sourceTree = "<group>"; };
		27C886A424D19A5B000AD21A /* Second-Wallet.app */ = {isa = PBXFileReference; explicitFileType = wrapper.application; includeInIndex = 0; path = "Second-Wallet.app"; sourceTree = BUILT_PRODUCTS_DIR; };
		27C886A724D19A5B000AD21A /* Second_WalletApp.swift */ = {isa = PBXFileReference; lastKnownFileType = sourcecode.swift; path = Second_WalletApp.swift; sourceTree = "<group>"; };
		27C886A924D19A5B000AD21A /* HomeView.swift */ = {isa = PBXFileReference; lastKnownFileType = sourcecode.swift; path = HomeView.swift; sourceTree = "<group>"; };
		27C886AB24D19A5C000AD21A /* Assets.xcassets */ = {isa = PBXFileReference; lastKnownFileType = folder.assetcatalog; path = Assets.xcassets; sourceTree = "<group>"; };
		27C886AE24D19A5C000AD21A /* Preview Assets.xcassets */ = {isa = PBXFileReference; lastKnownFileType = folder.assetcatalog; path = "Preview Assets.xcassets"; sourceTree = "<group>"; };
		27C886B024D19A5C000AD21A /* Info.plist */ = {isa = PBXFileReference; lastKnownFileType = text.plist.xml; path = Info.plist; sourceTree = "<group>"; };
		27C886B524D19A5C000AD21A /* Second-WalletTests.xctest */ = {isa = PBXFileReference; explicitFileType = wrapper.cfbundle; includeInIndex = 0; path = "Second-WalletTests.xctest"; sourceTree = BUILT_PRODUCTS_DIR; };
		27C886B924D19A5C000AD21A /* Second_WalletTests.swift */ = {isa = PBXFileReference; lastKnownFileType = sourcecode.swift; path = Second_WalletTests.swift; sourceTree = "<group>"; };
		27C886BB24D19A5C000AD21A /* Info.plist */ = {isa = PBXFileReference; lastKnownFileType = text.plist.xml; path = Info.plist; sourceTree = "<group>"; };
		27C886C024D19A5C000AD21A /* Second-WalletUITests.xctest */ = {isa = PBXFileReference; explicitFileType = wrapper.cfbundle; includeInIndex = 0; path = "Second-WalletUITests.xctest"; sourceTree = BUILT_PRODUCTS_DIR; };
		27C886C424D19A5C000AD21A /* Second_WalletUITests.swift */ = {isa = PBXFileReference; lastKnownFileType = sourcecode.swift; path = Second_WalletUITests.swift; sourceTree = "<group>"; };
		27C886C624D19A5C000AD21A /* Info.plist */ = {isa = PBXFileReference; lastKnownFileType = text.plist.xml; path = Info.plist; sourceTree = "<group>"; };
		27C886D924D19E87000AD21A /* CardModel+Ext.swift */ = {isa = PBXFileReference; lastKnownFileType = sourcecode.swift; path = "CardModel+Ext.swift"; sourceTree = "<group>"; };
		27C886DB24D19F4C000AD21A /* SecureFieldModel+Ext.swift */ = {isa = PBXFileReference; lastKnownFileType = sourcecode.swift; path = "SecureFieldModel+Ext.swift"; sourceTree = "<group>"; };
		27C886DE24D1A11D000AD21A /* Repository.swift */ = {isa = PBXFileReference; lastKnownFileType = sourcecode.swift; path = Repository.swift; sourceTree = "<group>"; };
		27C886E024D1A159000AD21A /* CardRepository.swift */ = {isa = PBXFileReference; lastKnownFileType = sourcecode.swift; path = CardRepository.swift; sourceTree = "<group>"; };
		27C886E224D1B8C9000AD21A /* CardsListViewModel.swift */ = {isa = PBXFileReference; lastKnownFileType = sourcecode.swift; path = CardsListViewModel.swift; sourceTree = "<group>"; };
		27C886E724D1DB51000AD21A /* CardView.swift */ = {isa = PBXFileReference; lastKnownFileType = sourcecode.swift; path = CardView.swift; sourceTree = "<group>"; };
		27C886EA24D1DEF7000AD21A /* UIColor+Ext.swift */ = {isa = PBXFileReference; lastKnownFileType = sourcecode.swift; path = "UIColor+Ext.swift"; sourceTree = "<group>"; };
		27C886EC24D1E5A2000AD21A /* CardViewModel.swift */ = {isa = PBXFileReference; lastKnownFileType = sourcecode.swift; path = CardViewModel.swift; sourceTree = "<group>"; };
		27D0469024D2FCE00085E8FF /* CardListView.swift */ = {isa = PBXFileReference; lastKnownFileType = sourcecode.swift; path = CardListView.swift; sourceTree = "<group>"; };
		27D0469224D301A50085E8FF /* NewCardFormView.swift */ = {isa = PBXFileReference; lastKnownFileType = sourcecode.swift; path = NewCardFormView.swift; sourceTree = "<group>"; };
		27D0469524D308EC0085E8FF /* TextField+Modifier.swift */ = {isa = PBXFileReference; lastKnownFileType = sourcecode.swift; path = "TextField+Modifier.swift"; sourceTree = "<group>"; };
		27D0469724D3093A0085E8FF /* View+Ext.swift */ = {isa = PBXFileReference; lastKnownFileType = sourcecode.swift; path = "View+Ext.swift"; sourceTree = "<group>"; };
		27D0469924D31D190085E8FF /* AddNewCard.swift */ = {isa = PBXFileReference; lastKnownFileType = sourcecode.swift; path = AddNewCard.swift; sourceTree = "<group>"; };
		27D0469F24D365F50085E8FF /* NewCardViewModel.swift */ = {isa = PBXFileReference; lastKnownFileType = sourcecode.swift; path = NewCardViewModel.swift; sourceTree = "<group>"; };
		27E0F9C224DAF6BE006593E5 /* SecurityFieldRepository.swift */ = {isa = PBXFileReference; lastKnownFileType = sourcecode.swift; path = SecurityFieldRepository.swift; sourceTree = "<group>"; };
		2A3821F3918CDD5780A95A27 /* Pods-Second-Wallet.release.xcconfig */ = {isa = PBXFileReference; includeInIndex = 1; lastKnownFileType = text.xcconfig; name = "Pods-Second-Wallet.release.xcconfig"; path = "Target Support Files/Pods-Second-Wallet/Pods-Second-Wallet.release.xcconfig"; sourceTree = "<group>"; };
		3D503985F6C94BF8AC5E8E58 /* CardModel+Schema.swift */ = {isa = PBXFileReference; explicitFileType = undefined; fileEncoding = 4; includeInIndex = 0; lastKnownFileType = sourcecode.swift; name = "CardModel+Schema.swift"; path = "amplify/generated/models/CardModel+Schema.swift"; sourceTree = "<group>"; };
		3F93891C4088ED693006BF9E /* Pods-Second-WalletTests.release.xcconfig */ = {isa = PBXFileReference; includeInIndex = 1; lastKnownFileType = text.xcconfig; name = "Pods-Second-WalletTests.release.xcconfig"; path = "Target Support Files/Pods-Second-WalletTests/Pods-Second-WalletTests.release.xcconfig"; sourceTree = "<group>"; };
		4081EAA59F344728591A961A /* Pods-Second-Wallet-Second-WalletUITests.debug.xcconfig */ = {isa = PBXFileReference; includeInIndex = 1; lastKnownFileType = text.xcconfig; name = "Pods-Second-Wallet-Second-WalletUITests.debug.xcconfig"; path = "Target Support Files/Pods-Second-Wallet-Second-WalletUITests/Pods-Second-Wallet-Second-WalletUITests.debug.xcconfig"; sourceTree = "<group>"; };
		5F9DC71086054E169F8389E9 /* CardModel.swift */ = {isa = PBXFileReference; explicitFileType = undefined; fileEncoding = 4; includeInIndex = 0; lastKnownFileType = sourcecode.swift; name = CardModel.swift; path = amplify/generated/models/CardModel.swift; sourceTree = "<group>"; };
		70F872A5F29077C815C1A2DB /* Pods_Second_Wallet.framework */ = {isa = PBXFileReference; explicitFileType = wrapper.framework; includeInIndex = 0; path = Pods_Second_Wallet.framework; sourceTree = BUILT_PRODUCTS_DIR; };
		775754179ED14C73BBC4721C /* schema.graphql */ = {isa = PBXFileReference; explicitFileType = undefined; fileEncoding = 4; includeInIndex = 0; lastKnownFileType = text; name = schema.graphql; path = amplify/backend/api/amplifyDatasource/schema.graphql; sourceTree = "<group>"; };
		8F4BA73B750607C5A2C8F921 /* Pods-Second-Wallet-Second-WalletUITests.release.xcconfig */ = {isa = PBXFileReference; includeInIndex = 1; lastKnownFileType = text.xcconfig; name = "Pods-Second-Wallet-Second-WalletUITests.release.xcconfig"; path = "Target Support Files/Pods-Second-Wallet-Second-WalletUITests/Pods-Second-Wallet-Second-WalletUITests.release.xcconfig"; sourceTree = "<group>"; };
		A2BF34F140AA6CC406BF1B10 /* Pods-Second-WalletTests.debug.xcconfig */ = {isa = PBXFileReference; includeInIndex = 1; lastKnownFileType = text.xcconfig; name = "Pods-Second-WalletTests.debug.xcconfig"; path = "Target Support Files/Pods-Second-WalletTests/Pods-Second-WalletTests.debug.xcconfig"; sourceTree = "<group>"; };
		A5EDD035D03664AF3E493729 /* Pods_Second_Wallet_Second_WalletUITests.framework */ = {isa = PBXFileReference; explicitFileType = wrapper.framework; includeInIndex = 0; path = Pods_Second_Wallet_Second_WalletUITests.framework; sourceTree = BUILT_PRODUCTS_DIR; };
		C4767FEB92A14C7F9A9149BD /* awsconfiguration.json */ = {isa = PBXFileReference; explicitFileType = undefined; fileEncoding = 9; includeInIndex = 0; lastKnownFileType = unknown; path = awsconfiguration.json; sourceTree = "<group>"; };
		C80BFEBD09154622A0D88CD7 /* SecureFieldModel+Schema.swift */ = {isa = PBXFileReference; explicitFileType = undefined; fileEncoding = 4; includeInIndex = 0; lastKnownFileType = sourcecode.swift; name = "SecureFieldModel+Schema.swift"; path = "amplify/generated/models/SecureFieldModel+Schema.swift"; sourceTree = "<group>"; };
		E543E81CB32847F7BBF667BC /* amplifyconfiguration.json */ = {isa = PBXFileReference; explicitFileType = undefined; fileEncoding = 9; includeInIndex = 0; lastKnownFileType = unknown; path = amplifyconfiguration.json; sourceTree = "<group>"; };
/* End PBXFileReference section */

/* Begin PBXFrameworksBuildPhase section */
		27C886A124D19A5B000AD21A /* Frameworks */ = {
			isa = PBXFrameworksBuildPhase;
			buildActionMask = 2147483647;
			files = (
				65FD8FC06F22B865A77F9327 /* Pods_Second_Wallet.framework in Frameworks */,
			);
			runOnlyForDeploymentPostprocessing = 0;
		};
		27C886B224D19A5C000AD21A /* Frameworks */ = {
			isa = PBXFrameworksBuildPhase;
			buildActionMask = 2147483647;
			files = (
				25FDCB59209A36E558665163 /* Pods_Second_WalletTests.framework in Frameworks */,
			);
			runOnlyForDeploymentPostprocessing = 0;
		};
		27C886BD24D19A5C000AD21A /* Frameworks */ = {
			isa = PBXFrameworksBuildPhase;
			buildActionMask = 2147483647;
			files = (
				1A8CA31C14E6D2FEEE4CE63D /* Pods_Second_Wallet_Second_WalletUITests.framework in Frameworks */,
			);
			runOnlyForDeploymentPostprocessing = 0;
		};
/* End PBXFrameworksBuildPhase section */

/* Begin PBXGroup section */
		09792A24C232453D8F1D9A95 /* AmplifyConfig */ = {
			isa = PBXGroup;
			children = (
				1BFEA07057E547069E8BA5B8 /* amplifytools.xcconfig */,
				E543E81CB32847F7BBF667BC /* amplifyconfiguration.json */,
				C4767FEB92A14C7F9A9149BD /* awsconfiguration.json */,
				775754179ED14C73BBC4721C /* schema.graphql */,
			);
			name = AmplifyConfig;
			path = .;
			sourceTree = "<group>";
		};
		2748936224DCB3F4005FBE1F /* Utils */ = {
			isa = PBXGroup;
			children = (
				2748936924DCB8E9005FBE1F /* Constants.swift */,
				274B56E524DD3E9100E01610 /* Localizable.strings */,
			);
			path = Utils;
			sourceTree = "<group>";
		};
		27C8869B24D19A5B000AD21A = {
			isa = PBXGroup;
			children = (
				8B4DE6B8F2554A419835946B /* AmplifyModels */,
				09792A24C232453D8F1D9A95 /* AmplifyConfig */,
				27C886A624D19A5B000AD21A /* Second-Wallet */,
				27C886B824D19A5C000AD21A /* Second-WalletTests */,
				27C886C324D19A5C000AD21A /* Second-WalletUITests */,
				27C886A524D19A5B000AD21A /* Products */,
				6B851F9A1D8A2E33BD72EF57 /* Pods */,
				5CB1DE0648A923F1AC962D01 /* Frameworks */,
			);
			sourceTree = "<group>";
		};
		27C886A524D19A5B000AD21A /* Products */ = {
			isa = PBXGroup;
			children = (
				27C886A424D19A5B000AD21A /* Second-Wallet.app */,
				27C886B524D19A5C000AD21A /* Second-WalletTests.xctest */,
				27C886C024D19A5C000AD21A /* Second-WalletUITests.xctest */,
			);
			name = Products;
			sourceTree = "<group>";
		};
		27C886A624D19A5B000AD21A /* Second-Wallet */ = {
			isa = PBXGroup;
			children = (
				27C886B024D19A5C000AD21A /* Info.plist */,
				2748936224DCB3F4005FBE1F /* Utils */,
				27C886E924D1DEE7000AD21A /* Extensions */,
				27C886DD24D1A0E9000AD21A /* Managers */,
				27C886D624D19CD7000AD21A /* Models+Ext */,
				27C886D524D19CD1000AD21A /* ViewModels */,
				27C886D424D19CC3000AD21A /* Support */,
				27C886D324D19CBC000AD21A /* Views */,
				27C886AD24D19A5C000AD21A /* Preview Content */,
			);
			path = "Second-Wallet";
			sourceTree = "<group>";
		};
		27C886AD24D19A5C000AD21A /* Preview Content */ = {
			isa = PBXGroup;
			children = (
				27C886AE24D19A5C000AD21A /* Preview Assets.xcassets */,
			);
			path = "Preview Content";
			sourceTree = "<group>";
		};
		27C886B824D19A5C000AD21A /* Second-WalletTests */ = {
			isa = PBXGroup;
			children = (
				27C886B924D19A5C000AD21A /* Second_WalletTests.swift */,
				27C886BB24D19A5C000AD21A /* Info.plist */,
			);
			path = "Second-WalletTests";
			sourceTree = "<group>";
		};
		27C886C324D19A5C000AD21A /* Second-WalletUITests */ = {
			isa = PBXGroup;
			children = (
				27C886C424D19A5C000AD21A /* Second_WalletUITests.swift */,
				27C886C624D19A5C000AD21A /* Info.plist */,
			);
			path = "Second-WalletUITests";
			sourceTree = "<group>";
		};
		27C886D324D19CBC000AD21A /* Views */ = {
			isa = PBXGroup;
			children = (
				27D0469424D308DA0085E8FF /* Modifiers */,
				27C886E424D1DB35000AD21A /* CustomViews */,
				27C886D824D19CE6000AD21A /* Screens */,
			);
			path = Views;
			sourceTree = "<group>";
		};
		27C886D424D19CC3000AD21A /* Support */ = {
			isa = PBXGroup;
			children = (
				27C886A724D19A5B000AD21A /* Second_WalletApp.swift */,
				27C886AB24D19A5C000AD21A /* Assets.xcassets */,
			);
			path = Support;
			sourceTree = "<group>";
		};
		27C886D524D19CD1000AD21A /* ViewModels */ = {
			isa = PBXGroup;
			children = (
				27C886E224D1B8C9000AD21A /* CardsListViewModel.swift */,
				27C886EC24D1E5A2000AD21A /* CardViewModel.swift */,
				27D0469F24D365F50085E8FF /* NewCardViewModel.swift */,
			);
			path = ViewModels;
			sourceTree = "<group>";
		};
		27C886D624D19CD7000AD21A /* Models+Ext */ = {
			isa = PBXGroup;
			children = (
				27C886D924D19E87000AD21A /* CardModel+Ext.swift */,
				27C886DB24D19F4C000AD21A /* SecureFieldModel+Ext.swift */,
			);
			path = "Models+Ext";
			sourceTree = "<group>";
		};
		27C886D824D19CE6000AD21A /* Screens */ = {
			isa = PBXGroup;
			children = (
				27C886A924D19A5B000AD21A /* HomeView.swift */,
			);
			path = Screens;
			sourceTree = "<group>";
		};
		27C886DD24D1A0E9000AD21A /* Managers */ = {
			isa = PBXGroup;
			children = (
				27C886DE24D1A11D000AD21A /* Repository.swift */,
				27C886E024D1A159000AD21A /* CardRepository.swift */,
				27E0F9C224DAF6BE006593E5 /* SecurityFieldRepository.swift */,
			);
			path = Managers;
			sourceTree = "<group>";
		};
		27C886E424D1DB35000AD21A /* CustomViews */ = {
			isa = PBXGroup;
			children = (
				27C886E724D1DB51000AD21A /* CardView.swift */,
				27D0469024D2FCE00085E8FF /* CardListView.swift */,
				27D0469224D301A50085E8FF /* NewCardFormView.swift */,
				27D0469924D31D190085E8FF /* AddNewCard.swift */,
				271D987624D4924900722A19 /* CardDetails.swift */,
				279CDB9824D88794000FD042 /* CardPreview.swift */,
				279CDB9A24D96288000FD042 /* SearchBarView.swift */,
			);
			path = CustomViews;
			sourceTree = "<group>";
		};
		27C886E924D1DEE7000AD21A /* Extensions */ = {
			isa = PBXGroup;
			children = (
				27C886EA24D1DEF7000AD21A /* UIColor+Ext.swift */,
				27D0469724D3093A0085E8FF /* View+Ext.swift */,
				279CDB9C24D96746000FD042 /* UIApplication+Ext.swift */,
			);
			path = Extensions;
			sourceTree = "<group>";
		};
		27D0469424D308DA0085E8FF /* Modifiers */ = {
			isa = PBXGroup;
			children = (
				27D0469524D308EC0085E8FF /* TextField+Modifier.swift */,
				279CDBA024D96847000FD042 /* ResignKeyboardOnDragGesture.swift */,
			);
			path = Modifiers;
			sourceTree = "<group>";
		};
		5CB1DE0648A923F1AC962D01 /* Frameworks */ = {
			isa = PBXGroup;
			children = (
				70F872A5F29077C815C1A2DB /* Pods_Second_Wallet.framework */,
				A5EDD035D03664AF3E493729 /* Pods_Second_Wallet_Second_WalletUITests.framework */,
				081AF1E605270C6DDF707486 /* Pods_Second_WalletTests.framework */,
			);
			name = Frameworks;
			sourceTree = "<group>";
		};
		6B851F9A1D8A2E33BD72EF57 /* Pods */ = {
			isa = PBXGroup;
			children = (
				088364D8A2077D155B772FAC /* Pods-Second-Wallet.debug.xcconfig */,
				2A3821F3918CDD5780A95A27 /* Pods-Second-Wallet.release.xcconfig */,
				4081EAA59F344728591A961A /* Pods-Second-Wallet-Second-WalletUITests.debug.xcconfig */,
				8F4BA73B750607C5A2C8F921 /* Pods-Second-Wallet-Second-WalletUITests.release.xcconfig */,
				A2BF34F140AA6CC406BF1B10 /* Pods-Second-WalletTests.debug.xcconfig */,
				3F93891C4088ED693006BF9E /* Pods-Second-WalletTests.release.xcconfig */,
			);
			path = Pods;
			sourceTree = "<group>";
		};
		8B4DE6B8F2554A419835946B /* AmplifyModels */ = {
			isa = PBXGroup;
			children = (
				09F15E1A35F34C60BED9A2F4 /* AmplifyModels.swift */,
				5F9DC71086054E169F8389E9 /* CardModel.swift */,
				3D503985F6C94BF8AC5E8E58 /* CardModel+Schema.swift */,
				08024ECC15B140B7A54521A9 /* SecureFieldModel.swift */,
				C80BFEBD09154622A0D88CD7 /* SecureFieldModel+Schema.swift */,
			);
			name = AmplifyModels;
			path = .;
			sourceTree = "<group>";
		};
/* End PBXGroup section */

/* Begin PBXNativeTarget section */
		27C886A324D19A5B000AD21A /* Second-Wallet */ = {
			isa = PBXNativeTarget;
			buildConfigurationList = 27C886C924D19A5C000AD21A /* Build configuration list for PBXNativeTarget "Second-Wallet" */;
			buildPhases = (
				16E727383AE4506444C90ACD /* [CP] Check Pods Manifest.lock */,
				27C886A024D19A5B000AD21A /* Sources */,
				27C886D224D19AB1000AD21A /* Run Amplify Tools */,
				27C886A124D19A5B000AD21A /* Frameworks */,
				27C886A224D19A5B000AD21A /* Resources */,
				6EC1E470A606661992109BF7 /* [CP] Embed Pods Frameworks */,
			);
			buildRules = (
			);
			dependencies = (
			);
			name = "Second-Wallet";
			productName = "Second-Wallet";
			productReference = 27C886A424D19A5B000AD21A /* Second-Wallet.app */;
			productType = "com.apple.product-type.application";
		};
		27C886B424D19A5C000AD21A /* Second-WalletTests */ = {
			isa = PBXNativeTarget;
			buildConfigurationList = 27C886CC24D19A5C000AD21A /* Build configuration list for PBXNativeTarget "Second-WalletTests" */;
			buildPhases = (
				9EC354A57B2ABFAF65339EAA /* [CP] Check Pods Manifest.lock */,
				27C886B124D19A5C000AD21A /* Sources */,
				27C886B224D19A5C000AD21A /* Frameworks */,
				27C886B324D19A5C000AD21A /* Resources */,
			);
			buildRules = (
			);
			dependencies = (
				27C886B724D19A5C000AD21A /* PBXTargetDependency */,
			);
			name = "Second-WalletTests";
			productName = "Second-WalletTests";
			productReference = 27C886B524D19A5C000AD21A /* Second-WalletTests.xctest */;
			productType = "com.apple.product-type.bundle.unit-test";
		};
		27C886BF24D19A5C000AD21A /* Second-WalletUITests */ = {
			isa = PBXNativeTarget;
			buildConfigurationList = 27C886CF24D19A5C000AD21A /* Build configuration list for PBXNativeTarget "Second-WalletUITests" */;
			buildPhases = (
				17CAE468E386F028A105A94A /* [CP] Check Pods Manifest.lock */,
				27C886BC24D19A5C000AD21A /* Sources */,
				27C886BD24D19A5C000AD21A /* Frameworks */,
				27C886BE24D19A5C000AD21A /* Resources */,
				0F1E228AE91EA3C30F011529 /* [CP] Embed Pods Frameworks */,
			);
			buildRules = (
			);
			dependencies = (
				27C886C224D19A5C000AD21A /* PBXTargetDependency */,
			);
			name = "Second-WalletUITests";
			productName = "Second-WalletUITests";
			productReference = 27C886C024D19A5C000AD21A /* Second-WalletUITests.xctest */;
			productType = "com.apple.product-type.bundle.ui-testing";
		};
/* End PBXNativeTarget section */

/* Begin PBXProject section */
		27C8869C24D19A5B000AD21A /* Project object */ = {
			isa = PBXProject;
			attributes = {
				LastSwiftUpdateCheck = 1200;
				LastUpgradeCheck = 1200;
				TargetAttributes = {
					27C886A324D19A5B000AD21A = {
						CreatedOnToolsVersion = 12.0;
					};
					27C886B424D19A5C000AD21A = {
						CreatedOnToolsVersion = 12.0;
						TestTargetID = 27C886A324D19A5B000AD21A;
					};
					27C886BF24D19A5C000AD21A = {
						CreatedOnToolsVersion = 12.0;
						TestTargetID = 27C886A324D19A5B000AD21A;
					};
				};
			};
			buildConfigurationList = 27C8869F24D19A5B000AD21A /* Build configuration list for PBXProject "Second-Wallet" */;
			compatibilityVersion = "Xcode 9.3";
			developmentRegion = en;
			hasScannedForEncodings = 0;
			knownRegions = (
				en,
				Base,
				"pt-PT",
			);
			mainGroup = 27C8869B24D19A5B000AD21A;
			productRefGroup = 27C886A524D19A5B000AD21A /* Products */;
			projectDirPath = "";
			projectRoot = "";
			targets = (
				27C886A324D19A5B000AD21A /* Second-Wallet */,
				27C886B424D19A5C000AD21A /* Second-WalletTests */,
				27C886BF24D19A5C000AD21A /* Second-WalletUITests */,
			);
		};
/* End PBXProject section */

/* Begin PBXResourcesBuildPhase section */
		27C886A224D19A5B000AD21A /* Resources */ = {
			isa = PBXResourcesBuildPhase;
			buildActionMask = 2147483647;
			files = (
				274B56E324DD3E9100E01610 /* Localizable.strings in Resources */,
				27C886AF24D19A5C000AD21A /* Preview Assets.xcassets in Resources */,
				27C886AC24D19A5C000AD21A /* Assets.xcassets in Resources */,
				AB92BFBC12CC44C69C9B9D6E /* amplifyconfiguration.json in Resources */,
				C55572CDE62F4739A7A5FFBC /* awsconfiguration.json in Resources */,
			);
			runOnlyForDeploymentPostprocessing = 0;
		};
		27C886B324D19A5C000AD21A /* Resources */ = {
			isa = PBXResourcesBuildPhase;
			buildActionMask = 2147483647;
			files = (
			);
			runOnlyForDeploymentPostprocessing = 0;
		};
		27C886BE24D19A5C000AD21A /* Resources */ = {
			isa = PBXResourcesBuildPhase;
			buildActionMask = 2147483647;
			files = (
			);
			runOnlyForDeploymentPostprocessing = 0;
		};
/* End PBXResourcesBuildPhase section */

/* Begin PBXShellScriptBuildPhase section */
		0F1E228AE91EA3C30F011529 /* [CP] Embed Pods Frameworks */ = {
			isa = PBXShellScriptBuildPhase;
			buildActionMask = 2147483647;
			files = (
			);
			inputFileListPaths = (
				"${PODS_ROOT}/Target Support Files/Pods-Second-Wallet-Second-WalletUITests/Pods-Second-Wallet-Second-WalletUITests-frameworks-${CONFIGURATION}-input-files.xcfilelist",
			);
			name = "[CP] Embed Pods Frameworks";
			outputFileListPaths = (
				"${PODS_ROOT}/Target Support Files/Pods-Second-Wallet-Second-WalletUITests/Pods-Second-Wallet-Second-WalletUITests-frameworks-${CONFIGURATION}-output-files.xcfilelist",
			);
			runOnlyForDeploymentPostprocessing = 0;
			shellPath = /bin/sh;
			shellScript = "\"${PODS_ROOT}/Target Support Files/Pods-Second-Wallet-Second-WalletUITests/Pods-Second-Wallet-Second-WalletUITests-frameworks.sh\"\n";
			showEnvVarsInLog = 0;
		};
		16E727383AE4506444C90ACD /* [CP] Check Pods Manifest.lock */ = {
			isa = PBXShellScriptBuildPhase;
			buildActionMask = 2147483647;
			files = (
			);
			inputFileListPaths = (
			);
			inputPaths = (
				"${PODS_PODFILE_DIR_PATH}/Podfile.lock",
				"${PODS_ROOT}/Manifest.lock",
			);
			name = "[CP] Check Pods Manifest.lock";
			outputFileListPaths = (
			);
			outputPaths = (
				"$(DERIVED_FILE_DIR)/Pods-Second-Wallet-checkManifestLockResult.txt",
			);
			runOnlyForDeploymentPostprocessing = 0;
			shellPath = /bin/sh;
			shellScript = "diff \"${PODS_PODFILE_DIR_PATH}/Podfile.lock\" \"${PODS_ROOT}/Manifest.lock\" > /dev/null\nif [ $? != 0 ] ; then\n    # print error to STDERR\n    echo \"error: The sandbox is not in sync with the Podfile.lock. Run 'pod install' or update your CocoaPods installation.\" >&2\n    exit 1\nfi\n# This output is used by Xcode 'outputs' to avoid re-running this script phase.\necho \"SUCCESS\" > \"${SCRIPT_OUTPUT_FILE_0}\"\n";
			showEnvVarsInLog = 0;
		};
		17CAE468E386F028A105A94A /* [CP] Check Pods Manifest.lock */ = {
			isa = PBXShellScriptBuildPhase;
			buildActionMask = 2147483647;
			files = (
			);
			inputFileListPaths = (
			);
			inputPaths = (
				"${PODS_PODFILE_DIR_PATH}/Podfile.lock",
				"${PODS_ROOT}/Manifest.lock",
			);
			name = "[CP] Check Pods Manifest.lock";
			outputFileListPaths = (
			);
			outputPaths = (
				"$(DERIVED_FILE_DIR)/Pods-Second-Wallet-Second-WalletUITests-checkManifestLockResult.txt",
			);
			runOnlyForDeploymentPostprocessing = 0;
			shellPath = /bin/sh;
			shellScript = "diff \"${PODS_PODFILE_DIR_PATH}/Podfile.lock\" \"${PODS_ROOT}/Manifest.lock\" > /dev/null\nif [ $? != 0 ] ; then\n    # print error to STDERR\n    echo \"error: The sandbox is not in sync with the Podfile.lock. Run 'pod install' or update your CocoaPods installation.\" >&2\n    exit 1\nfi\n# This output is used by Xcode 'outputs' to avoid re-running this script phase.\necho \"SUCCESS\" > \"${SCRIPT_OUTPUT_FILE_0}\"\n";
			showEnvVarsInLog = 0;
		};
		27C886D224D19AB1000AD21A /* Run Amplify Tools */ = {
			isa = PBXShellScriptBuildPhase;
			buildActionMask = 8;
			files = (
			);
			inputFileListPaths = (
			);
			inputPaths = (
			);
			name = "Run Amplify Tools";
			outputFileListPaths = (
			);
			outputPaths = (
			);
			runOnlyForDeploymentPostprocessing = 1;
			shellPath = /bin/sh;
			shellScript = "# Type a script or drag a script file from your workspace to insert its path.\n\"${PODS_ROOT}/AmplifyTools/amplify-tools.sh\"\n";
		};
		6EC1E470A606661992109BF7 /* [CP] Embed Pods Frameworks */ = {
			isa = PBXShellScriptBuildPhase;
			buildActionMask = 2147483647;
			files = (
			);
			inputFileListPaths = (
				"${PODS_ROOT}/Target Support Files/Pods-Second-Wallet/Pods-Second-Wallet-frameworks-${CONFIGURATION}-input-files.xcfilelist",
			);
			name = "[CP] Embed Pods Frameworks";
			outputFileListPaths = (
				"${PODS_ROOT}/Target Support Files/Pods-Second-Wallet/Pods-Second-Wallet-frameworks-${CONFIGURATION}-output-files.xcfilelist",
			);
			runOnlyForDeploymentPostprocessing = 0;
			shellPath = /bin/sh;
			shellScript = "\"${PODS_ROOT}/Target Support Files/Pods-Second-Wallet/Pods-Second-Wallet-frameworks.sh\"\n";
			showEnvVarsInLog = 0;
		};
		9EC354A57B2ABFAF65339EAA /* [CP] Check Pods Manifest.lock */ = {
			isa = PBXShellScriptBuildPhase;
			buildActionMask = 2147483647;
			files = (
			);
			inputFileListPaths = (
			);
			inputPaths = (
				"${PODS_PODFILE_DIR_PATH}/Podfile.lock",
				"${PODS_ROOT}/Manifest.lock",
			);
			name = "[CP] Check Pods Manifest.lock";
			outputFileListPaths = (
			);
			outputPaths = (
				"$(DERIVED_FILE_DIR)/Pods-Second-WalletTests-checkManifestLockResult.txt",
			);
			runOnlyForDeploymentPostprocessing = 0;
			shellPath = /bin/sh;
			shellScript = "diff \"${PODS_PODFILE_DIR_PATH}/Podfile.lock\" \"${PODS_ROOT}/Manifest.lock\" > /dev/null\nif [ $? != 0 ] ; then\n    # print error to STDERR\n    echo \"error: The sandbox is not in sync with the Podfile.lock. Run 'pod install' or update your CocoaPods installation.\" >&2\n    exit 1\nfi\n# This output is used by Xcode 'outputs' to avoid re-running this script phase.\necho \"SUCCESS\" > \"${SCRIPT_OUTPUT_FILE_0}\"\n";
			showEnvVarsInLog = 0;
		};
/* End PBXShellScriptBuildPhase section */

/* Begin PBXSourcesBuildPhase section */
		27C886A024D19A5B000AD21A /* Sources */ = {
			isa = PBXSourcesBuildPhase;
			buildActionMask = 2147483647;
			files = (
				271D987724D4924900722A19 /* CardDetails.swift in Sources */,
				27C886AA24D19A5B000AD21A /* HomeView.swift in Sources */,
				27D0469324D301A50085E8FF /* NewCardFormView.swift in Sources */,
				27E0F9C324DAF6BE006593E5 /* SecurityFieldRepository.swift in Sources */,
				27C886A824D19A5B000AD21A /* Second_WalletApp.swift in Sources */,
				2748936A24DCB8E9005FBE1F /* Constants.swift in Sources */,
				279CDBA124D96847000FD042 /* ResignKeyboardOnDragGesture.swift in Sources */,
				27C886DC24D19F4C000AD21A /* SecureFieldModel+Ext.swift in Sources */,
				027524D2D33945528EF9378D /* AmplifyModels.swift in Sources */,
				279CDB9D24D96746000FD042 /* UIApplication+Ext.swift in Sources */,
				F5F8889B7A344408AA44487A /* CardModel.swift in Sources */,
				F35BA1BBBBF643F1AB8EB70F /* CardModel+Schema.swift in Sources */,
				279CDB9924D88794000FD042 /* CardPreview.swift in Sources */,
				27C886DA24D19E87000AD21A /* CardModel+Ext.swift in Sources */,
				27C886EB24D1DEF7000AD21A /* UIColor+Ext.swift in Sources */,
				27C886E824D1DB51000AD21A /* CardView.swift in Sources */,
				27C886DF24D1A11D000AD21A /* Repository.swift in Sources */,
				27D0469824D3093A0085E8FF /* View+Ext.swift in Sources */,
				27D0469A24D31D190085E8FF /* AddNewCard.swift in Sources */,
				27C886E324D1B8C9000AD21A /* CardsListViewModel.swift in Sources */,
				27C886E124D1A159000AD21A /* CardRepository.swift in Sources */,
				96F36B9DF7A54205B7705441 /* SecureFieldModel.swift in Sources */,
				27D0469624D308EC0085E8FF /* TextField+Modifier.swift in Sources */,
				4D273B4778734E74BF8CFD69 /* SecureFieldModel+Schema.swift in Sources */,
				279CDB9B24D96288000FD042 /* SearchBarView.swift in Sources */,
				27D0469124D2FCE10085E8FF /* CardListView.swift in Sources */,
				27C886ED24D1E5A2000AD21A /* CardViewModel.swift in Sources */,
				27D046A024D365F50085E8FF /* NewCardViewModel.swift in Sources */,
			);
			runOnlyForDeploymentPostprocessing = 0;
		};
		27C886B124D19A5C000AD21A /* Sources */ = {
			isa = PBXSourcesBuildPhase;
			buildActionMask = 2147483647;
			files = (
				27C886BA24D19A5C000AD21A /* Second_WalletTests.swift in Sources */,
			);
			runOnlyForDeploymentPostprocessing = 0;
		};
		27C886BC24D19A5C000AD21A /* Sources */ = {
			isa = PBXSourcesBuildPhase;
			buildActionMask = 2147483647;
			files = (
				27C886C524D19A5C000AD21A /* Second_WalletUITests.swift in Sources */,
			);
			runOnlyForDeploymentPostprocessing = 0;
		};
/* End PBXSourcesBuildPhase section */

/* Begin PBXTargetDependency section */
		27C886B724D19A5C000AD21A /* PBXTargetDependency */ = {
			isa = PBXTargetDependency;
			target = 27C886A324D19A5B000AD21A /* Second-Wallet */;
			targetProxy = 27C886B624D19A5C000AD21A /* PBXContainerItemProxy */;
		};
		27C886C224D19A5C000AD21A /* PBXTargetDependency */ = {
			isa = PBXTargetDependency;
			target = 27C886A324D19A5B000AD21A /* Second-Wallet */;
			targetProxy = 27C886C124D19A5C000AD21A /* PBXContainerItemProxy */;
		};
/* End PBXTargetDependency section */

/* Begin PBXVariantGroup section */
		274B56E524DD3E9100E01610 /* Localizable.strings */ = {
			isa = PBXVariantGroup;
			children = (
				274B56E624DD3E9600E01610 /* pt-PT */,
			);
			name = Localizable.strings;
			sourceTree = "<group>";
		};
/* End PBXVariantGroup section */

/* Begin XCBuildConfiguration section */
		27C886C724D19A5C000AD21A /* Debug */ = {
			isa = XCBuildConfiguration;
			buildSettings = {
				ALWAYS_SEARCH_USER_PATHS = NO;
				CLANG_ANALYZER_NONNULL = YES;
				CLANG_ANALYZER_NUMBER_OBJECT_CONVERSION = YES_AGGRESSIVE;
				CLANG_CXX_LANGUAGE_STANDARD = "gnu++14";
				CLANG_CXX_LIBRARY = "libc++";
				CLANG_ENABLE_MODULES = YES;
				CLANG_ENABLE_OBJC_ARC = YES;
				CLANG_ENABLE_OBJC_WEAK = YES;
				CLANG_WARN_BLOCK_CAPTURE_AUTORELEASING = YES;
				CLANG_WARN_BOOL_CONVERSION = YES;
				CLANG_WARN_COMMA = YES;
				CLANG_WARN_CONSTANT_CONVERSION = YES;
				CLANG_WARN_DEPRECATED_OBJC_IMPLEMENTATIONS = YES;
				CLANG_WARN_DIRECT_OBJC_ISA_USAGE = YES_ERROR;
				CLANG_WARN_DOCUMENTATION_COMMENTS = YES;
				CLANG_WARN_EMPTY_BODY = YES;
				CLANG_WARN_ENUM_CONVERSION = YES;
				CLANG_WARN_INFINITE_RECURSION = YES;
				CLANG_WARN_INT_CONVERSION = YES;
				CLANG_WARN_NON_LITERAL_NULL_CONVERSION = YES;
				CLANG_WARN_OBJC_IMPLICIT_RETAIN_SELF = YES;
				CLANG_WARN_OBJC_LITERAL_CONVERSION = YES;
				CLANG_WARN_OBJC_ROOT_CLASS = YES_ERROR;
				CLANG_WARN_QUOTED_INCLUDE_IN_FRAMEWORK_HEADER = YES;
				CLANG_WARN_RANGE_LOOP_ANALYSIS = YES;
				CLANG_WARN_STRICT_PROTOTYPES = YES;
				CLANG_WARN_SUSPICIOUS_MOVE = YES;
				CLANG_WARN_UNGUARDED_AVAILABILITY = YES_AGGRESSIVE;
				CLANG_WARN_UNREACHABLE_CODE = YES;
				CLANG_WARN__DUPLICATE_METHOD_MATCH = YES;
				COPY_PHASE_STRIP = NO;
				DEBUG_INFORMATION_FORMAT = dwarf;
				ENABLE_STRICT_OBJC_MSGSEND = YES;
				ENABLE_TESTABILITY = YES;
				GCC_C_LANGUAGE_STANDARD = gnu11;
				GCC_DYNAMIC_NO_PIC = NO;
				GCC_NO_COMMON_BLOCKS = YES;
				GCC_OPTIMIZATION_LEVEL = 0;
				GCC_PREPROCESSOR_DEFINITIONS = (
					"DEBUG=1",
					"$(inherited)",
				);
				GCC_WARN_64_TO_32_BIT_CONVERSION = YES;
				GCC_WARN_ABOUT_RETURN_TYPE = YES_ERROR;
				GCC_WARN_UNDECLARED_SELECTOR = YES;
				GCC_WARN_UNINITIALIZED_AUTOS = YES_AGGRESSIVE;
				GCC_WARN_UNUSED_FUNCTION = YES;
				GCC_WARN_UNUSED_VARIABLE = YES;
				IPHONEOS_DEPLOYMENT_TARGET = 14.0;
				MTL_ENABLE_DEBUG_INFO = INCLUDE_SOURCE;
				MTL_FAST_MATH = YES;
				ONLY_ACTIVE_ARCH = YES;
				SDKROOT = iphoneos;
				SWIFT_ACTIVE_COMPILATION_CONDITIONS = DEBUG;
				SWIFT_OPTIMIZATION_LEVEL = "-Onone";
			};
			name = Debug;
		};
		27C886C824D19A5C000AD21A /* Release */ = {
			isa = XCBuildConfiguration;
			buildSettings = {
				ALWAYS_SEARCH_USER_PATHS = NO;
				CLANG_ANALYZER_NONNULL = YES;
				CLANG_ANALYZER_NUMBER_OBJECT_CONVERSION = YES_AGGRESSIVE;
				CLANG_CXX_LANGUAGE_STANDARD = "gnu++14";
				CLANG_CXX_LIBRARY = "libc++";
				CLANG_ENABLE_MODULES = YES;
				CLANG_ENABLE_OBJC_ARC = YES;
				CLANG_ENABLE_OBJC_WEAK = YES;
				CLANG_WARN_BLOCK_CAPTURE_AUTORELEASING = YES;
				CLANG_WARN_BOOL_CONVERSION = YES;
				CLANG_WARN_COMMA = YES;
				CLANG_WARN_CONSTANT_CONVERSION = YES;
				CLANG_WARN_DEPRECATED_OBJC_IMPLEMENTATIONS = YES;
				CLANG_WARN_DIRECT_OBJC_ISA_USAGE = YES_ERROR;
				CLANG_WARN_DOCUMENTATION_COMMENTS = YES;
				CLANG_WARN_EMPTY_BODY = YES;
				CLANG_WARN_ENUM_CONVERSION = YES;
				CLANG_WARN_INFINITE_RECURSION = YES;
				CLANG_WARN_INT_CONVERSION = YES;
				CLANG_WARN_NON_LITERAL_NULL_CONVERSION = YES;
				CLANG_WARN_OBJC_IMPLICIT_RETAIN_SELF = YES;
				CLANG_WARN_OBJC_LITERAL_CONVERSION = YES;
				CLANG_WARN_OBJC_ROOT_CLASS = YES_ERROR;
				CLANG_WARN_QUOTED_INCLUDE_IN_FRAMEWORK_HEADER = YES;
				CLANG_WARN_RANGE_LOOP_ANALYSIS = YES;
				CLANG_WARN_STRICT_PROTOTYPES = YES;
				CLANG_WARN_SUSPICIOUS_MOVE = YES;
				CLANG_WARN_UNGUARDED_AVAILABILITY = YES_AGGRESSIVE;
				CLANG_WARN_UNREACHABLE_CODE = YES;
				CLANG_WARN__DUPLICATE_METHOD_MATCH = YES;
				COPY_PHASE_STRIP = NO;
				DEBUG_INFORMATION_FORMAT = "dwarf-with-dsym";
				ENABLE_NS_ASSERTIONS = NO;
				ENABLE_STRICT_OBJC_MSGSEND = YES;
				GCC_C_LANGUAGE_STANDARD = gnu11;
				GCC_NO_COMMON_BLOCKS = YES;
				GCC_WARN_64_TO_32_BIT_CONVERSION = YES;
				GCC_WARN_ABOUT_RETURN_TYPE = YES_ERROR;
				GCC_WARN_UNDECLARED_SELECTOR = YES;
				GCC_WARN_UNINITIALIZED_AUTOS = YES_AGGRESSIVE;
				GCC_WARN_UNUSED_FUNCTION = YES;
				GCC_WARN_UNUSED_VARIABLE = YES;
				IPHONEOS_DEPLOYMENT_TARGET = 14.0;
				MTL_ENABLE_DEBUG_INFO = NO;
				MTL_FAST_MATH = YES;
				SDKROOT = iphoneos;
				SWIFT_COMPILATION_MODE = wholemodule;
				SWIFT_OPTIMIZATION_LEVEL = "-O";
				VALIDATE_PRODUCT = YES;
			};
			name = Release;
		};
		27C886CA24D19A5C000AD21A /* Debug */ = {
			isa = XCBuildConfiguration;
			baseConfigurationReference = 088364D8A2077D155B772FAC /* Pods-Second-Wallet.debug.xcconfig */;
			buildSettings = {
				ASSETCATALOG_COMPILER_APPICON_NAME = AppIcon;
				ASSETCATALOG_COMPILER_GLOBAL_ACCENT_COLOR_NAME = AccentColor;
				CODE_SIGN_STYLE = Automatic;
				DEVELOPMENT_ASSET_PATHS = "\"Second-Wallet/Preview Content\"";
				DEVELOPMENT_TEAM = U5QL3W6RAW;
				ENABLE_PREVIEWS = YES;
				INFOPLIST_FILE = "Second-Wallet/Info.plist";
				IPHONEOS_DEPLOYMENT_TARGET = 14.0;
				LD_RUNPATH_SEARCH_PATHS = (
					"$(inherited)",
					"@executable_path/Frameworks",
				);
				PRODUCT_BUNDLE_IDENTIFIER = "org.miguelteixeira.Second-Wallet";
				PRODUCT_NAME = "$(TARGET_NAME)";
				SWIFT_VERSION = 5.0;
				TARGETED_DEVICE_FAMILY = "1,2";
			};
			name = Debug;
		};
		27C886CB24D19A5C000AD21A /* Release */ = {
			isa = XCBuildConfiguration;
			baseConfigurationReference = 2A3821F3918CDD5780A95A27 /* Pods-Second-Wallet.release.xcconfig */;
			buildSettings = {
				ASSETCATALOG_COMPILER_APPICON_NAME = AppIcon;
				ASSETCATALOG_COMPILER_GLOBAL_ACCENT_COLOR_NAME = AccentColor;
				CODE_SIGN_STYLE = Automatic;
				DEVELOPMENT_ASSET_PATHS = "\"Second-Wallet/Preview Content\"";
				DEVELOPMENT_TEAM = U5QL3W6RAW;
				ENABLE_PREVIEWS = YES;
				INFOPLIST_FILE = "Second-Wallet/Info.plist";
				IPHONEOS_DEPLOYMENT_TARGET = 14.0;
				LD_RUNPATH_SEARCH_PATHS = (
					"$(inherited)",
					"@executable_path/Frameworks",
				);
				PRODUCT_BUNDLE_IDENTIFIER = "org.miguelteixeira.Second-Wallet";
				PRODUCT_NAME = "$(TARGET_NAME)";
				SWIFT_VERSION = 5.0;
				TARGETED_DEVICE_FAMILY = "1,2";
			};
			name = Release;
		};
		27C886CD24D19A5C000AD21A /* Debug */ = {
			isa = XCBuildConfiguration;
			baseConfigurationReference = A2BF34F140AA6CC406BF1B10 /* Pods-Second-WalletTests.debug.xcconfig */;
			buildSettings = {
				ALWAYS_EMBED_SWIFT_STANDARD_LIBRARIES = YES;
				BUNDLE_LOADER = "$(TEST_HOST)";
				CODE_SIGN_STYLE = Automatic;
				DEVELOPMENT_TEAM = U5QL3W6RAW;
				INFOPLIST_FILE = "Second-WalletTests/Info.plist";
				IPHONEOS_DEPLOYMENT_TARGET = 14.0;
				LD_RUNPATH_SEARCH_PATHS = (
					"$(inherited)",
					"@executable_path/Frameworks",
					"@loader_path/Frameworks",
				);
				PRODUCT_BUNDLE_IDENTIFIER = "org.miguelteixeira.Second-WalletTests";
				PRODUCT_NAME = "$(TARGET_NAME)";
				SWIFT_VERSION = 5.0;
				TARGETED_DEVICE_FAMILY = "1,2";
				TEST_HOST = "$(BUILT_PRODUCTS_DIR)/Second-Wallet.app/Second-Wallet";
			};
			name = Debug;
		};
		27C886CE24D19A5C000AD21A /* Release */ = {
			isa = XCBuildConfiguration;
			baseConfigurationReference = 3F93891C4088ED693006BF9E /* Pods-Second-WalletTests.release.xcconfig */;
			buildSettings = {
				ALWAYS_EMBED_SWIFT_STANDARD_LIBRARIES = YES;
				BUNDLE_LOADER = "$(TEST_HOST)";
				CODE_SIGN_STYLE = Automatic;
				DEVELOPMENT_TEAM = U5QL3W6RAW;
				INFOPLIST_FILE = "Second-WalletTests/Info.plist";
				IPHONEOS_DEPLOYMENT_TARGET = 14.0;
				LD_RUNPATH_SEARCH_PATHS = (
					"$(inherited)",
					"@executable_path/Frameworks",
					"@loader_path/Frameworks",
				);
				PRODUCT_BUNDLE_IDENTIFIER = "org.miguelteixeira.Second-WalletTests";
				PRODUCT_NAME = "$(TARGET_NAME)";
				SWIFT_VERSION = 5.0;
				TARGETED_DEVICE_FAMILY = "1,2";
				TEST_HOST = "$(BUILT_PRODUCTS_DIR)/Second-Wallet.app/Second-Wallet";
			};
			name = Release;
		};
		27C886D024D19A5C000AD21A /* Debug */ = {
			isa = XCBuildConfiguration;
			baseConfigurationReference = 4081EAA59F344728591A961A /* Pods-Second-Wallet-Second-WalletUITests.debug.xcconfig */;
			buildSettings = {
				ALWAYS_EMBED_SWIFT_STANDARD_LIBRARIES = YES;
				CODE_SIGN_STYLE = Automatic;
				DEVELOPMENT_TEAM = U5QL3W6RAW;
				INFOPLIST_FILE = "Second-WalletUITests/Info.plist";
				LD_RUNPATH_SEARCH_PATHS = (
					"$(inherited)",
					"@executable_path/Frameworks",
					"@loader_path/Frameworks",
				);
				PRODUCT_BUNDLE_IDENTIFIER = "org.miguelteixeira.Second-WalletUITests";
				PRODUCT_NAME = "$(TARGET_NAME)";
				SWIFT_VERSION = 5.0;
				TARGETED_DEVICE_FAMILY = "1,2";
				TEST_TARGET_NAME = "Second-Wallet";
			};
			name = Debug;
		};
		27C886D124D19A5C000AD21A /* Release */ = {
			isa = XCBuildConfiguration;
			baseConfigurationReference = 8F4BA73B750607C5A2C8F921 /* Pods-Second-Wallet-Second-WalletUITests.release.xcconfig */;
			buildSettings = {
				ALWAYS_EMBED_SWIFT_STANDARD_LIBRARIES = YES;
				CODE_SIGN_STYLE = Automatic;
				DEVELOPMENT_TEAM = U5QL3W6RAW;
				INFOPLIST_FILE = "Second-WalletUITests/Info.plist";
				LD_RUNPATH_SEARCH_PATHS = (
					"$(inherited)",
					"@executable_path/Frameworks",
					"@loader_path/Frameworks",
				);
				PRODUCT_BUNDLE_IDENTIFIER = "org.miguelteixeira.Second-WalletUITests";
				PRODUCT_NAME = "$(TARGET_NAME)";
				SWIFT_VERSION = 5.0;
				TARGETED_DEVICE_FAMILY = "1,2";
				TEST_TARGET_NAME = "Second-Wallet";
			};
			name = Release;
		};
/* End XCBuildConfiguration section */

/* Begin XCConfigurationList section */
		27C8869F24D19A5B000AD21A /* Build configuration list for PBXProject "Second-Wallet" */ = {
			isa = XCConfigurationList;
			buildConfigurations = (
				27C886C724D19A5C000AD21A /* Debug */,
				27C886C824D19A5C000AD21A /* Release */,
			);
			defaultConfigurationIsVisible = 0;
			defaultConfigurationName = Release;
		};
		27C886C924D19A5C000AD21A /* Build configuration list for PBXNativeTarget "Second-Wallet" */ = {
			isa = XCConfigurationList;
			buildConfigurations = (
				27C886CA24D19A5C000AD21A /* Debug */,
				27C886CB24D19A5C000AD21A /* Release */,
			);
			defaultConfigurationIsVisible = 0;
			defaultConfigurationName = Release;
		};
		27C886CC24D19A5C000AD21A /* Build configuration list for PBXNativeTarget "Second-WalletTests" */ = {
			isa = XCConfigurationList;
			buildConfigurations = (
				27C886CD24D19A5C000AD21A /* Debug */,
				27C886CE24D19A5C000AD21A /* Release */,
			);
			defaultConfigurationIsVisible = 0;
			defaultConfigurationName = Release;
		};
		27C886CF24D19A5C000AD21A /* Build configuration list for PBXNativeTarget "Second-WalletUITests" */ = {
			isa = XCConfigurationList;
			buildConfigurations = (
				27C886D024D19A5C000AD21A /* Debug */,
				27C886D124D19A5C000AD21A /* Release */,
			);
			defaultConfigurationIsVisible = 0;
			defaultConfigurationName = Release;
		};
/* End XCConfigurationList section */
	};
	rootObject = 27C8869C24D19A5B000AD21A /* Project object */;
}
